{
  "name": "investorportal",
  "version": "0.1.0",
  "lockfileVersion": 1,
  "requires": true,
  "dependencies": {
    "react-screen-orientation": {
      "version": "0.0.4",
      "resolved": "https://registry.npmjs.org/react-screen-orientation/-/react-screen-orientation-0.0.4.tgz",
      "integrity": "sha512-GEs9ohTMuKbL56q3z7CZtf5JfOHkcr/PZMpTpWh/tP5VwCoFeoBpd1Jd3fttLf3id79kzSzuduK/RGCpTFCQ+A=="
    }
  }
}
